
Microsoft Visual Studio Solution File, Format Version 12.00
# Visual Studio Version 17
VisualStudioVersion = 17.3.32825.248
MinimumVisualStudioVersion = 10.0.40219.1
Project("{FAE04EC0-301F-11D3-BF4B-00C04F79EFBC}") = "Jenkinswithdockercicd", "Jenkinswithdockercicd.csproj", "{67228109-2BB3-4986-918C-EDDAC808594E}"
EndProject
Global
	GlobalSection(SolutionConfigurationPlatforms) = preSolution
		Debug|Any CPU = Debug|Any CPU
		Release|Any CPU = Release|Any CPU
	EndGlobalSection
	GlobalSection(ProjectConfigurationPlatforms) = postSolution
		{67228109-2BB3-4986-918C-EDDAC808594E}.Debug|Any CPU.ActiveCfg = Debug|Any CPU
		{67228109-2BB3-4986-918C-EDDAC808594E}.Debug|Any CPU.Build.0 = Debug|Any CPU
		{67228109-2BB3-4986-918C-EDDAC808594E}.Release|Any CPU.ActiveCfg = Release|Any CPU
		{67228109-2BB3-4986-918C-EDDAC808594E}.Release|Any CPU.Build.0 = Release|Any CPU
	EndGlobalSection
	GlobalSection(SolutionProperties) = preSolution
		HideSolutionNode = FALSE
	EndGlobalSection
	GlobalSection(ExtensibilityGlobals) = postSolution
		SolutionGuid = {BDB06B8A-CC01-429A-B9F6-6D0A509C84BA}
	EndGlobalSection
EndGlobal
